
Microsoft Visual Studio Solution File, Format Version 12.00
# Visual Studio Version 17
VisualStudioVersion = 17.9.34622.214
MinimumVisualStudioVersion = 10.0.40219.1
Project("{FAE04EC0-301F-11D3-BF4B-00C04F79EFBC}") = "SpecificationTest", "SpecificationTest\SpecificationTest.csproj", "{668D485A-14B1-4AF5-A4F1-EA71500125B2}"
	ProjectSection(ProjectDependencies) = postProject
		{7D9AD84B-7E47-4BB2-A81A-6BA409B42105} = {7D9AD84B-7E47-4BB2-A81A-6BA409B42105}
	EndProjectSection
EndProject
Project("{FAE04EC0-301F-11D3-BF4B-00C04F79EFBC}") = "Data", "Data\Data.csproj", "{2D2F20CC-EE69-4461-9C7F-CB92B4D1DCD9}"
	ProjectSection(ProjectDependencies) = postProject
		{1D22CF4D-F4F1-4542-98A1-26DC3852A0A5} = {1D22CF4D-F4F1-4542-98A1-26DC3852A0A5}
	EndProjectSection
EndProject
Project("{FAE04EC0-301F-11D3-BF4B-00C04F79EFBC}") = "Domain", "Domain\Domain.csproj", "{1D22CF4D-F4F1-4542-98A1-26DC3852A0A5}"
EndProject
Project("{FAE04EC0-301F-11D3-BF4B-00C04F79EFBC}") = "Repository", "Repository\Repository.csproj", "{9A585F04-FE72-4BB2-9670-ACD179B0BD96}"
	ProjectSection(ProjectDependencies) = postProject
		{2D2F20CC-EE69-4461-9C7F-CB92B4D1DCD9} = {2D2F20CC-EE69-4461-9C7F-CB92B4D1DCD9}
	EndProjectSection
EndProject
Project("{FAE04EC0-301F-11D3-BF4B-00C04F79EFBC}") = "Service", "Service\Service.csproj", "{7D9AD84B-7E47-4BB2-A81A-6BA409B42105}"
	ProjectSection(ProjectDependencies) = postProject
		{1D22CF4D-F4F1-4542-98A1-26DC3852A0A5} = {1D22CF4D-F4F1-4542-98A1-26DC3852A0A5}
		{9A585F04-FE72-4BB2-9670-ACD179B0BD96} = {9A585F04-FE72-4BB2-9670-ACD179B0BD96}
	EndProjectSection
EndProject
Global
	GlobalSection(SolutionConfigurationPlatforms) = preSolution
		Debug|Any CPU = Debug|Any CPU
		Release|Any CPU = Release|Any CPU
	EndGlobalSection
	GlobalSection(ProjectConfigurationPlatforms) = postSolution
		{668D485A-14B1-4AF5-A4F1-EA71500125B2}.Debug|Any CPU.ActiveCfg = Debug|Any CPU
		{668D485A-14B1-4AF5-A4F1-EA71500125B2}.Debug|Any CPU.Build.0 = Debug|Any CPU
		{668D485A-14B1-4AF5-A4F1-EA71500125B2}.Release|Any CPU.ActiveCfg = Release|Any CPU
		{668D485A-14B1-4AF5-A4F1-EA71500125B2}.Release|Any CPU.Build.0 = Release|Any CPU
		{2D2F20CC-EE69-4461-9C7F-CB92B4D1DCD9}.Debug|Any CPU.ActiveCfg = Debug|Any CPU
		{2D2F20CC-EE69-4461-9C7F-CB92B4D1DCD9}.Debug|Any CPU.Build.0 = Debug|Any CPU
		{2D2F20CC-EE69-4461-9C7F-CB92B4D1DCD9}.Release|Any CPU.ActiveCfg = Release|Any CPU
		{2D2F20CC-EE69-4461-9C7F-CB92B4D1DCD9}.Release|Any CPU.Build.0 = Release|Any CPU
		{1D22CF4D-F4F1-4542-98A1-26DC3852A0A5}.Debug|Any CPU.ActiveCfg = Debug|Any CPU
		{1D22CF4D-F4F1-4542-98A1-26DC3852A0A5}.Debug|Any CPU.Build.0 = Debug|Any CPU
		{1D22CF4D-F4F1-4542-98A1-26DC3852A0A5}.Release|Any CPU.ActiveCfg = Release|Any CPU
		{1D22CF4D-F4F1-4542-98A1-26DC3852A0A5}.Release|Any CPU.Build.0 = Release|Any CPU
		{9A585F04-FE72-4BB2-9670-ACD179B0BD96}.Debug|Any CPU.ActiveCfg = Debug|Any CPU
		{9A585F04-FE72-4BB2-9670-ACD179B0BD96}.Debug|Any CPU.Build.0 = Debug|Any CPU
		{9A585F04-FE72-4BB2-9670-ACD179B0BD96}.Release|Any CPU.ActiveCfg = Release|Any CPU
		{9A585F04-FE72-4BB2-9670-ACD179B0BD96}.Release|Any CPU.Build.0 = Release|Any CPU
		{7D9AD84B-7E47-4BB2-A81A-6BA409B42105}.Debug|Any CPU.ActiveCfg = Debug|Any CPU
		{7D9AD84B-7E47-4BB2-A81A-6BA409B42105}.Debug|Any CPU.Build.0 = Debug|Any CPU
		{7D9AD84B-7E47-4BB2-A81A-6BA409B42105}.Release|Any CPU.ActiveCfg = Release|Any CPU
		{7D9AD84B-7E47-4BB2-A81A-6BA409B42105}.Release|Any CPU.Build.0 = Release|Any CPU
	EndGlobalSection
	GlobalSection(SolutionProperties) = preSolution
		HideSolutionNode = FALSE
	EndGlobalSection
	GlobalSection(ExtensibilityGlobals) = postSolution
		SolutionGuid = {EADBA1FE-2EE6-4F43-86AE-18D62D954DE3}
	EndGlobalSection
EndGlobal
